// !$*UTF8*$!
{
	archiveVersion = 1;
	classes = {
	};
	objectVersion = 46;
	objects = {

/* Begin PBXBuildFile section */
		C9338D9D1DA93BF900163D21 /* Foundation.framework in Frameworks */ = {isa = PBXBuildFile; fileRef = C9338D9C1DA93BF900163D21 /* Foundation.framework */; };
		C9338DA81DA93BF900163D21 /* WhoDis.mm in Sources */ = {isa = PBXBuildFile; fileRef = C9338DA71DA93BF900163D21 /* WhoDis.mm */; };
		C9338DB31DA93C5F00163D21 /* libsubstrate.dylib in Frameworks */ = {isa = PBXBuildFile; fileRef = C9338DB21DA93C5F00163D21 /* libsubstrate.dylib */; };
		C9338DB51DA94F7F00163D21 /* CoreTelephony.framework in Frameworks */ = {isa = PBXBuildFile; fileRef = C9338DB41DA94F7F00163D21 /* CoreTelephony.framework */; };
		C9338DB71DA94FAE00163D21 /* MobileCoreServices.framework in Frameworks */ = {isa = PBXBuildFile; fileRef = C9338DB61DA94FAE00163D21 /* MobileCoreServices.framework */; };
		C9338DBA1DA9826C00163D21 /* WDCallerIDViewController.h in Headers */ = {isa = PBXBuildFile; fileRef = C9338DB81DA9826C00163D21 /* WDCallerIDViewController.h */; };
		C9338DBB1DA9826C00163D21 /* WDCallerIDViewController.m in Sources */ = {isa = PBXBuildFile; fileRef = C9338DB91DA9826C00163D21 /* WDCallerIDViewController.m */; };
		C9338DBD1DA9889400163D21 /* UIKit.framework in Frameworks */ = {isa = PBXBuildFile; fileRef = C9338DBC1DA9889400163D21 /* UIKit.framework */; };
		C9338DBF1DA9889F00163D21 /* CoreGraphics.framework in Frameworks */ = {isa = PBXBuildFile; fileRef = C9338DBE1DA9889F00163D21 /* CoreGraphics.framework */; };
		C9338DC11DA99B2700163D21 /* librocketbootstrap.dylib in Frameworks */ = {isa = PBXBuildFile; fileRef = C9338DC01DA99B2700163D21 /* librocketbootstrap.dylib */; settings = {ATTRIBUTES = (Weak, ); }; };
		C9338DC31DA99B7E00163D21 /* AppSupport.framework in Frameworks */ = {isa = PBXBuildFile; fileRef = C9338DC21DA99B7E00163D21 /* AppSupport.framework */; };
		C93EA2F41DA99FFB009D8CD9 /* WDDataDownloader.h in Headers */ = {isa = PBXBuildFile; fileRef = C93EA2F21DA99FFB009D8CD9 /* WDDataDownloader.h */; };
		C93EA2F51DA99FFB009D8CD9 /* WDDataDownloader.m in Sources */ = {isa = PBXBuildFile; fileRef = C93EA2F31DA99FFB009D8CD9 /* WDDataDownloader.m */; };
		C99C15CA1DAD2AE100840454 /* WDResources.h in Headers */ = {isa = PBXBuildFile; fileRef = C99C15C81DAD2AE100840454 /* WDResources.h */; };
		C99C15CB1DAD2AE100840454 /* WDResources.m in Sources */ = {isa = PBXBuildFile; fileRef = C99C15C91DAD2AE100840454 /* WDResources.m */; };
		C99C15FA1DAD2C5D00840454 /* Foundation.framework in Frameworks */ = {isa = PBXBuildFile; fileRef = C9338D9C1DA93BF900163D21 /* Foundation.framework */; };
		C99C15FB1DAD2C5D00840454 /* UIKit.framework in Frameworks */ = {isa = PBXBuildFile; fileRef = C9338DBC1DA9889400163D21 /* UIKit.framework */; };
		C99C15FC1DAD2C5D00840454 /* Preferences.framework in Frameworks */ = {isa = PBXBuildFile; fileRef = C99C15D41DAD2C4500840454 /* Preferences.framework */; };
		C99C16061DAD2C5D00840454 /* WhoDisPrefsController.h in Headers */ = {isa = PBXBuildFile; fileRef = C99C16051DAD2C5D00840454 /* WhoDisPrefsController.h */; };
		C99C16081DAD2C5D00840454 /* WhoDisPrefsController.m in Sources */ = {isa = PBXBuildFile; fileRef = C99C16071DAD2C5D00840454 /* WhoDisPrefsController.m */; };
/* End PBXBuildFile section */

/* Begin PBXFileReference section */
		C9338D991DA93BF900163D21 /* WhoDis.dylib */ = {isa = PBXFileReference; explicitFileType = "compiled.mach-o.dylib"; includeInIndex = 0; path = WhoDis.dylib; sourceTree = BUILT_PRODUCTS_DIR; };
		C9338D9C1DA93BF900163D21 /* Foundation.framework */ = {isa = PBXFileReference; lastKnownFileType = wrapper.framework; name = Foundation.framework; path = System/Library/Frameworks/Foundation.framework; sourceTree = SDKROOT; };
		C9338DA11DA93BF900163D21 /* control.txt */ = {isa = PBXFileReference; lastKnownFileType = text; name = control.txt; path = Package/DEBIAN/control.txt; sourceTree = "<group>"; };
		C9338DA21DA93BF900163D21 /* control */ = {isa = PBXFileReference; lastKnownFileType = text; name = control; path = Package/DEBIAN/control; sourceTree = "<group>"; };
		C9338DA41DA93BF900163D21 /* PackageVersion.plist */ = {isa = PBXFileReference; lastKnownFileType = text.plist.xml; path = PackageVersion.plist; sourceTree = "<group>"; };
		C9338DA51DA93BF900163D21 /* WhoDis-Prefix.pch */ = {isa = PBXFileReference; lastKnownFileType = sourcecode.c.h; path = "WhoDis-Prefix.pch"; sourceTree = "<group>"; };
		C9338DA61DA93BF900163D21 /* WhoDis.xm */ = {isa = PBXFileReference; lastKnownFileType = sourcecode.cpp.objcpp; path = WhoDis.xm; sourceTree = "<group>"; xcLanguageSpecificationIdentifier = xcode.lang.objcpp; };
		C9338DA71DA93BF900163D21 /* WhoDis.mm */ = {isa = PBXFileReference; lastKnownFileType = sourcecode.cpp.objcpp; path = WhoDis.mm; sourceTree = "<group>"; };
		C9338DAC1DA93BF900163D21 /* WhoDis.plist */ = {isa = PBXFileReference; lastKnownFileType = text.plist.xml; name = WhoDis.plist; path = Package/Library/MobileSubstrate/DynamicLibraries/WhoDis.plist; sourceTree = "<group>"; };
		C9338DB21DA93C5F00163D21 /* libsubstrate.dylib */ = {isa = PBXFileReference; lastKnownFileType = "compiled.mach-o.dylib"; name = libsubstrate.dylib; path = ../../../../../opt/iOSOpenDev/lib/libsubstrate.dylib; sourceTree = "<group>"; };
		C9338DB41DA94F7F00163D21 /* CoreTelephony.framework */ = {isa = PBXFileReference; lastKnownFileType = wrapper.framework; name = CoreTelephony.framework; path = System/Library/Frameworks/CoreTelephony.framework; sourceTree = SDKROOT; };
		C9338DB61DA94FAE00163D21 /* MobileCoreServices.framework */ = {isa = PBXFileReference; lastKnownFileType = wrapper.framework; name = MobileCoreServices.framework; path = System/Library/Frameworks/MobileCoreServices.framework; sourceTree = SDKROOT; };
		C9338DB81DA9826C00163D21 /* WDCallerIDViewController.h */ = {isa = PBXFileReference; fileEncoding = 4; lastKnownFileType = sourcecode.c.h; path = WDCallerIDViewController.h; sourceTree = "<group>"; };
		C9338DB91DA9826C00163D21 /* WDCallerIDViewController.m */ = {isa = PBXFileReference; fileEncoding = 4; lastKnownFileType = sourcecode.c.objc; path = WDCallerIDViewController.m; sourceTree = "<group>"; };
		C9338DBC1DA9889400163D21 /* UIKit.framework */ = {isa = PBXFileReference; lastKnownFileType = wrapper.framework; name = UIKit.framework; path = System/Library/Frameworks/UIKit.framework; sourceTree = SDKROOT; };
		C9338DBE1DA9889F00163D21 /* CoreGraphics.framework */ = {isa = PBXFileReference; lastKnownFileType = wrapper.framework; name = CoreGraphics.framework; path = System/Library/Frameworks/CoreGraphics.framework; sourceTree = SDKROOT; };
		C9338DC01DA99B2700163D21 /* librocketbootstrap.dylib */ = {isa = PBXFileReference; lastKnownFileType = "compiled.mach-o.dylib"; name = librocketbootstrap.dylib; path = ../../../../../opt/iOSOpenDev/lib/librocketbootstrap.dylib; sourceTree = "<group>"; };
		C9338DC21DA99B7E00163D21 /* AppSupport.framework */ = {isa = PBXFileReference; lastKnownFileType = wrapper.framework; name = AppSupport.framework; path = System/Library/PrivateFrameworks/AppSupport.framework; sourceTree = SDKROOT; };
		C93EA2F21DA99FFB009D8CD9 /* WDDataDownloader.h */ = {isa = PBXFileReference; fileEncoding = 4; lastKnownFileType = sourcecode.c.h; path = WDDataDownloader.h; sourceTree = "<group>"; };
		C93EA2F31DA99FFB009D8CD9 /* WDDataDownloader.m */ = {isa = PBXFileReference; fileEncoding = 4; lastKnownFileType = sourcecode.c.objc; path = WDDataDownloader.m; sourceTree = "<group>"; };
		C99C15C81DAD2AE100840454 /* WDResources.h */ = {isa = PBXFileReference; fileEncoding = 4; lastKnownFileType = sourcecode.c.h; path = WDResources.h; sourceTree = "<group>"; };
		C99C15C91DAD2AE100840454 /* WDResources.m */ = {isa = PBXFileReference; fileEncoding = 4; lastKnownFileType = sourcecode.c.objc; path = WDResources.m; sourceTree = "<group>"; };
		C99C15D41DAD2C4500840454 /* Preferences.framework */ = {isa = PBXFileReference; lastKnownFileType = wrapper.framework; name = Preferences.framework; path = Library/Frameworks/Preferences.framework; sourceTree = DEVELOPER_DIR; };
		C99C15F91DAD2C5D00840454 /* WhoDisPrefs.bundle */ = {isa = PBXFileReference; explicitFileType = wrapper.cfbundle; includeInIndex = 0; path = WhoDisPrefs.bundle; sourceTree = BUILT_PRODUCTS_DIR; };
		C99C16001DAD2C5D00840454 /* control.txt */ = {isa = PBXFileReference; lastKnownFileType = text; name = control.txt; path = Package/DEBIAN/control.txt; sourceTree = "<group>"; };
		C99C16011DAD2C5D00840454 /* control */ = {isa = PBXFileReference; lastKnownFileType = text; name = control; path = Package/DEBIAN/control; sourceTree = "<group>"; };
		C99C16031DAD2C5D00840454 /* PackageVersion.plist */ = {isa = PBXFileReference; lastKnownFileType = text.plist.xml; path = PackageVersion.plist; sourceTree = "<group>"; };
		C99C16041DAD2C5D00840454 /* WhoDisPrefs-Info.plist */ = {isa = PBXFileReference; lastKnownFileType = text.plist.xml; path = "WhoDisPrefs-Info.plist"; sourceTree = "<group>"; };
		C99C16051DAD2C5D00840454 /* WhoDisPrefsController.h */ = {isa = PBXFileReference; lastKnownFileType = sourcecode.c.h; path = WhoDisPrefsController.h; sourceTree = "<group>"; };
		C99C16071DAD2C5D00840454 /* WhoDisPrefsController.m */ = {isa = PBXFileReference; lastKnownFileType = sourcecode.c.objc; path = WhoDisPrefsController.m; sourceTree = "<group>"; };
		C99C160C1DAD2C5D00840454 /* WhoDisPrefs.plist */ = {isa = PBXFileReference; lastKnownFileType = text.plist.xml; name = WhoDisPrefs.plist; path = Package/Library/PreferenceLoader/Preferences/WhoDisPrefs.plist; sourceTree = "<group>"; };
		C99C160F1DAD2C5D00840454 /* WhoDisPrefs.plist */ = {isa = PBXFileReference; lastKnownFileType = text.plist.xml; name = WhoDisPrefs.plist; path = Package/Library/PreferenceBundles/WhoDisPrefs.bundle/WhoDisPrefs.plist; sourceTree = "<group>"; };
		C99C16101DAD2C5D00840454 /* WhoDisPrefsIcon.png */ = {isa = PBXFileReference; lastKnownFileType = image.png; name = WhoDisPrefsIcon.png; path = Package/Library/PreferenceBundles/WhoDisPrefs.bundle/WhoDisPrefsIcon.png; sourceTree = "<group>"; };
		C99C16111DAD2C5D00840454 /* WhoDisPrefsIcon@2x.png */ = {isa = PBXFileReference; lastKnownFileType = image.png; name = "WhoDisPrefsIcon@2x.png"; path = "Package/Library/PreferenceBundles/WhoDisPrefs.bundle/WhoDisPrefsIcon@2x.png"; sourceTree = "<group>"; };
		C99C16161DAD2C5D00840454 /* com.matchstic.WhoDisPrefs.plist */ = {isa = PBXFileReference; lastKnownFileType = text.plist.xml; name = com.matchstic.WhoDisPrefs.plist; path = Package/var/mobile/Library/Preferences/com.matchstic.WhoDisPrefs.plist; sourceTree = "<group>"; };
		C99C16171DAD2C5D00840454 /* WhoDisPrefs-Prefix.pch */ = {isa = PBXFileReference; lastKnownFileType = sourcecode.c.h; path = "WhoDisPrefs-Prefix.pch"; sourceTree = "<group>"; };
/* End PBXFileReference section */

/* Begin PBXFrameworksBuildPhase section */
		C9338D951DA93BF900163D21 /* Frameworks */ = {
			isa = PBXFrameworksBuildPhase;
			buildActionMask = 2147483647;
			files = (
				C9338DC11DA99B2700163D21 /* librocketbootstrap.dylib in Frameworks */,
				C9338DC31DA99B7E00163D21 /* AppSupport.framework in Frameworks */,
				C9338DBF1DA9889F00163D21 /* CoreGraphics.framework in Frameworks */,
				C9338DBD1DA9889400163D21 /* UIKit.framework in Frameworks */,
				C9338DB71DA94FAE00163D21 /* MobileCoreServices.framework in Frameworks */,
				C9338DB51DA94F7F00163D21 /* CoreTelephony.framework in Frameworks */,
				C9338DB31DA93C5F00163D21 /* libsubstrate.dylib in Frameworks */,
				C9338D9D1DA93BF900163D21 /* Foundation.framework in Frameworks */,
			);
			runOnlyForDeploymentPostprocessing = 0;
		};
		C99C15F51DAD2C5D00840454 /* Frameworks */ = {
			isa = PBXFrameworksBuildPhase;
			buildActionMask = 2147483647;
			files = (
				C99C15FA1DAD2C5D00840454 /* Foundation.framework in Frameworks */,
				C99C15FC1DAD2C5D00840454 /* Preferences.framework in Frameworks */,
				C99C15FB1DAD2C5D00840454 /* UIKit.framework in Frameworks */,
			);
			runOnlyForDeploymentPostprocessing = 0;
		};
/* End PBXFrameworksBuildPhase section */

/* Begin PBXGroup section */
		C9338D8E1DA93BF900163D21 = {
			isa = PBXGroup;
			children = (
				C9338D9E1DA93BF900163D21 /* WhoDis */,
				C99C15FD1DAD2C5D00840454 /* WhoDisPrefs */,
				C9338D9B1DA93BF900163D21 /* Frameworks */,
				C9338D9A1DA93BF900163D21 /* Products */,
			);
			sourceTree = "<group>";
		};
		C9338D9A1DA93BF900163D21 /* Products */ = {
			isa = PBXGroup;
			children = (
				C9338D991DA93BF900163D21 /* WhoDis.dylib */,
				C99C15F91DAD2C5D00840454 /* WhoDisPrefs.bundle */,
			);
			name = Products;
			sourceTree = "<group>";
		};
		C9338D9B1DA93BF900163D21 /* Frameworks */ = {
			isa = PBXGroup;
			children = (
				C9338DC21DA99B7E00163D21 /* AppSupport.framework */,
				C9338DC01DA99B2700163D21 /* librocketbootstrap.dylib */,
				C9338DBE1DA9889F00163D21 /* CoreGraphics.framework */,
				C9338DBC1DA9889400163D21 /* UIKit.framework */,
				C9338DB61DA94FAE00163D21 /* MobileCoreServices.framework */,
				C9338DB41DA94F7F00163D21 /* CoreTelephony.framework */,
				C9338DB21DA93C5F00163D21 /* libsubstrate.dylib */,
				C9338D9C1DA93BF900163D21 /* Foundation.framework */,
				C99C15D41DAD2C4500840454 /* Preferences.framework */,
			);
			name = Frameworks;
			sourceTree = "<group>";
		};
		C9338D9E1DA93BF900163D21 /* WhoDis */ = {
			isa = PBXGroup;
			children = (
				C9338DB81DA9826C00163D21 /* WDCallerIDViewController.h */,
				C9338DB91DA9826C00163D21 /* WDCallerIDViewController.m */,
				C93EA2F21DA99FFB009D8CD9 /* WDDataDownloader.h */,
				C93EA2F31DA99FFB009D8CD9 /* WDDataDownloader.m */,
				C99C15C81DAD2AE100840454 /* WDResources.h */,
				C99C15C91DAD2AE100840454 /* WDResources.m */,
				C9338DA61DA93BF900163D21 /* WhoDis.xm */,
				C9338DA71DA93BF900163D21 /* WhoDis.mm */,
				C9338D9F1DA93BF900163D21 /* Package */,
				C9338DA31DA93BF900163D21 /* Supporting Files */,
			);
			path = WhoDis;
			sourceTree = "<group>";
		};
		C9338D9F1DA93BF900163D21 /* Package */ = {
			isa = PBXGroup;
			children = (
				C9338DA01DA93BF900163D21 /* DEBIAN */,
				C9338DA91DA93BF900163D21 /* Library */,
			);
			name = Package;
			sourceTree = "<group>";
		};
		C9338DA01DA93BF900163D21 /* DEBIAN */ = {
			isa = PBXGroup;
			children = (
				C9338DA11DA93BF900163D21 /* control.txt */,
				C9338DA21DA93BF900163D21 /* control */,
			);
			name = DEBIAN;
			sourceTree = "<group>";
		};
		C9338DA31DA93BF900163D21 /* Supporting Files */ = {
			isa = PBXGroup;
			children = (
				C9338DA41DA93BF900163D21 /* PackageVersion.plist */,
				C9338DA51DA93BF900163D21 /* WhoDis-Prefix.pch */,
			);
			name = "Supporting Files";
			sourceTree = "<group>";
		};
		C9338DA91DA93BF900163D21 /* Library */ = {
			isa = PBXGroup;
			children = (
				C9338DAA1DA93BF900163D21 /* MobileSubstrate */,
			);
			name = Library;
			sourceTree = "<group>";
		};
		C9338DAA1DA93BF900163D21 /* MobileSubstrate */ = {
			isa = PBXGroup;
			children = (
				C9338DAB1DA93BF900163D21 /* DynamicLibraries */,
			);
			name = MobileSubstrate;
			sourceTree = "<group>";
		};
		C9338DAB1DA93BF900163D21 /* DynamicLibraries */ = {
			isa = PBXGroup;
			children = (
				C9338DAC1DA93BF900163D21 /* WhoDis.plist */,
			);
			name = DynamicLibraries;
			sourceTree = "<group>";
		};
		C99C15FD1DAD2C5D00840454 /* WhoDisPrefs */ = {
			isa = PBXGroup;
			children = (
				C99C16051DAD2C5D00840454 /* WhoDisPrefsController.h */,
				C99C16071DAD2C5D00840454 /* WhoDisPrefsController.m */,
				C99C15FE1DAD2C5D00840454 /* Package */,
				C99C16021DAD2C5D00840454 /* Supporting Files */,
			);
			path = WhoDisPrefs;
			sourceTree = "<group>";
		};
		C99C15FE1DAD2C5D00840454 /* Package */ = {
			isa = PBXGroup;
			children = (
				C99C15FF1DAD2C5D00840454 /* DEBIAN */,
				C99C16091DAD2C5D00840454 /* Library */,
				C99C16121DAD2C5D00840454 /* var */,
			);
			name = Package;
			sourceTree = "<group>";
		};
		C99C15FF1DAD2C5D00840454 /* DEBIAN */ = {
			isa = PBXGroup;
			children = (
				C99C16001DAD2C5D00840454 /* control.txt */,
				C99C16011DAD2C5D00840454 /* control */,
			);
			name = DEBIAN;
			sourceTree = "<group>";
		};
		C99C16021DAD2C5D00840454 /* Supporting Files */ = {
			isa = PBXGroup;
			children = (
				C99C16031DAD2C5D00840454 /* PackageVersion.plist */,
				C99C16041DAD2C5D00840454 /* WhoDisPrefs-Info.plist */,
				C99C16171DAD2C5D00840454 /* WhoDisPrefs-Prefix.pch */,
			);
			name = "Supporting Files";
			sourceTree = "<group>";
		};
		C99C16091DAD2C5D00840454 /* Library */ = {
			isa = PBXGroup;
			children = (
				C99C160A1DAD2C5D00840454 /* PreferenceLoader */,
				C99C160D1DAD2C5D00840454 /* PreferenceBundles */,
			);
			name = Library;
			sourceTree = "<group>";
		};
		C99C160A1DAD2C5D00840454 /* PreferenceLoader */ = {
			isa = PBXGroup;
			children = (
				C99C160B1DAD2C5D00840454 /* Preferences */,
			);
			name = PreferenceLoader;
			sourceTree = "<group>";
		};
		C99C160B1DAD2C5D00840454 /* Preferences */ = {
			isa = PBXGroup;
			children = (
				C99C160C1DAD2C5D00840454 /* WhoDisPrefs.plist */,
			);
			name = Preferences;
			sourceTree = "<group>";
		};
		C99C160D1DAD2C5D00840454 /* PreferenceBundles */ = {
			isa = PBXGroup;
			children = (
				C99C160E1DAD2C5D00840454 /* ___PACKAGENAME___.bundle */,
			);
			name = PreferenceBundles;
			sourceTree = "<group>";
		};
		C99C160E1DAD2C5D00840454 /* ___PACKAGENAME___.bundle */ = {
			isa = PBXGroup;
			children = (
				C99C160F1DAD2C5D00840454 /* WhoDisPrefs.plist */,
				C99C16101DAD2C5D00840454 /* WhoDisPrefsIcon.png */,
				C99C16111DAD2C5D00840454 /* WhoDisPrefsIcon@2x.png */,
			);
			name = "___PACKAGENAME___.bundle";
			sourceTree = "<group>";
		};
		C99C16121DAD2C5D00840454 /* var */ = {
			isa = PBXGroup;
			children = (
				C99C16131DAD2C5D00840454 /* mobile */,
			);
			name = var;
			sourceTree = "<group>";
		};
		C99C16131DAD2C5D00840454 /* mobile */ = {
			isa = PBXGroup;
			children = (
				C99C16141DAD2C5D00840454 /* Library */,
			);
			name = mobile;
			sourceTree = "<group>";
		};
		C99C16141DAD2C5D00840454 /* Library */ = {
			isa = PBXGroup;
			children = (
				C99C16151DAD2C5D00840454 /* Preferences */,
			);
			name = Library;
			sourceTree = "<group>";
		};
		C99C16151DAD2C5D00840454 /* Preferences */ = {
			isa = PBXGroup;
			children = (
				C99C16161DAD2C5D00840454 /* com.matchstic.WhoDisPrefs.plist */,
			);
			name = Preferences;
			sourceTree = "<group>";
		};
/* End PBXGroup section */

/* Begin PBXHeadersBuildPhase section */
		C9338D961DA93BF900163D21 /* Headers */ = {
			isa = PBXHeadersBuildPhase;
			buildActionMask = 2147483647;
			files = (
				C93EA2F41DA99FFB009D8CD9 /* WDDataDownloader.h in Headers */,
				C99C15CA1DAD2AE100840454 /* WDResources.h in Headers */,
				C9338DBA1DA9826C00163D21 /* WDCallerIDViewController.h in Headers */,
			);
			runOnlyForDeploymentPostprocessing = 0;
		};
		C99C15F61DAD2C5D00840454 /* Headers */ = {
			isa = PBXHeadersBuildPhase;
			buildActionMask = 2147483647;
			files = (
				C99C16061DAD2C5D00840454 /* WhoDisPrefsController.h in Headers */,
			);
			runOnlyForDeploymentPostprocessing = 0;
		};
/* End PBXHeadersBuildPhase section */

/* Begin PBXNativeTarget section */
		C9338D981DA93BF900163D21 /* WhoDis */ = {
			isa = PBXNativeTarget;
			buildConfigurationList = C9338DAF1DA93BF900163D21 /* Build configuration list for PBXNativeTarget "WhoDis" */;
			buildPhases = (
				C9338D931DA93BF900163D21 /* ShellScript */,
				C9338D941DA93BF900163D21 /* Sources */,
				C9338D951DA93BF900163D21 /* Frameworks */,
				C9338D961DA93BF900163D21 /* Headers */,
				C9338D971DA93BF900163D21 /* ShellScript */,
			);
			buildRules = (
			);
			dependencies = (
			);
			name = WhoDis;
			productName = WhoDis;
			productReference = C9338D991DA93BF900163D21 /* WhoDis.dylib */;
			productType = "com.apple.product-type.library.dynamic";
		};
		C99C15F81DAD2C5D00840454 /* WhoDisPrefs */ = {
			isa = PBXNativeTarget;
			buildConfigurationList = C99C16181DAD2C5D00840454 /* Build configuration list for PBXNativeTarget "WhoDisPrefs" */;
			buildPhases = (
				C99C15F41DAD2C5D00840454 /* Sources */,
				C99C15F51DAD2C5D00840454 /* Frameworks */,
				C99C15F61DAD2C5D00840454 /* Headers */,
				C99C15F71DAD2C5D00840454 /* ShellScript */,
			);
			buildRules = (
			);
			dependencies = (
			);
			name = WhoDisPrefs;
			productName = WhoDisPrefs;
			productReference = C99C15F91DAD2C5D00840454 /* WhoDisPrefs.bundle */;
			productType = "com.apple.product-type.bundle";
		};
/* End PBXNativeTarget section */

/* Begin PBXProject section */
		C9338D8F1DA93BF900163D21 /* Project object */ = {
			isa = PBXProject;
			attributes = {
				LastUpgradeCheck = 0640;
				TargetAttributes = {
					C9338D981DA93BF900163D21 = {
						CreatedOnToolsVersion = 6.4;
					};
					C99C15F81DAD2C5D00840454 = {
						CreatedOnToolsVersion = 6.4;
					};
				};
			};
			buildConfigurationList = C9338D921DA93BF900163D21 /* Build configuration list for PBXProject "WhoDis" */;
			compatibilityVersion = "Xcode 3.2";
			developmentRegion = English;
			hasScannedForEncodings = 0;
			knownRegions = (
				en,
			);
			mainGroup = C9338D8E1DA93BF900163D21;
			productRefGroup = C9338D9A1DA93BF900163D21 /* Products */;
			projectDirPath = "";
			projectRoot = "";
			targets = (
				C9338D981DA93BF900163D21 /* WhoDis */,
				C99C15F81DAD2C5D00840454 /* WhoDisPrefs */,
			);
		};
/* End PBXProject section */

/* Begin PBXShellScriptBuildPhase section */
		C9338D931DA93BF900163D21 /* ShellScript */ = {
			isa = PBXShellScriptBuildPhase;
			buildActionMask = 2147483647;
			files = (
			);
			inputPaths = (
			);
			outputPaths = (
			);
			runOnlyForDeploymentPostprocessing = 0;
			shellPath = /bin/sh;
			shellScript = "/opt/iOSOpenDev/bin/iosod --xcbp-logos";
		};
		C9338D971DA93BF900163D21 /* ShellScript */ = {
			isa = PBXShellScriptBuildPhase;
			buildActionMask = 2147483647;
			files = (
			);
			inputPaths = (
			);
			outputPaths = (
			);
			runOnlyForDeploymentPostprocessing = 0;
			shellPath = /bin/sh;
			shellScript = "/opt/iOSOpenDev/bin/iosod --xcbp";
		};
		C99C15F71DAD2C5D00840454 /* ShellScript */ = {
			isa = PBXShellScriptBuildPhase;
			buildActionMask = 2147483647;
			files = (
			);
			inputPaths = (
			);
			outputPaths = (
			);
			runOnlyForDeploymentPostprocessing = 0;
			shellPath = /bin/sh;
			shellScript = "/opt/iOSOpenDev/bin/iosod --xcbp";
		};
/* End PBXShellScriptBuildPhase section */

/* Begin PBXSourcesBuildPhase section */
		C9338D941DA93BF900163D21 /* Sources */ = {
			isa = PBXSourcesBuildPhase;
			buildActionMask = 2147483647;
			files = (
				C9338DA81DA93BF900163D21 /* WhoDis.mm in Sources */,
				C93EA2F51DA99FFB009D8CD9 /* WDDataDownloader.m in Sources */,
				C99C15CB1DAD2AE100840454 /* WDResources.m in Sources */,
				C9338DBB1DA9826C00163D21 /* WDCallerIDViewController.m in Sources */,
			);
			runOnlyForDeploymentPostprocessing = 0;
		};
		C99C15F41DAD2C5D00840454 /* Sources */ = {
			isa = PBXSourcesBuildPhase;
			buildActionMask = 2147483647;
			files = (
				C99C16081DAD2C5D00840454 /* WhoDisPrefsController.m in Sources */,
			);
			runOnlyForDeploymentPostprocessing = 0;
		};
/* End PBXSourcesBuildPhase section */

/* Begin XCBuildConfiguration section */
		C9338DAD1DA93BF900163D21 /* Debug */ = {
			isa = XCBuildConfiguration;
			buildSettings = {
				COPY_PHASE_STRIP = NO;
				EXCLUDED_RECURSIVE_SEARCH_PATH_SUBDIRECTORIES = "*.nib *.lproj *.gch (*) .DS_Store CVS .svn .git .hg *.xcodeproj *.xcode *.pbproj *.pbxproj";
				FRAMEWORK_SEARCH_PATHS = (
					"$(iOSOpenDevPath)/frameworks/**",
					"$(SDKROOT)/System/Library/PrivateFrameworks",
				);
				GCC_C_LANGUAGE_STANDARD = gnu99;
				GCC_DYNAMIC_NO_PIC = NO;
				GCC_OPTIMIZATION_LEVEL = 0;
				GCC_PREPROCESSOR_DEFINITIONS = (
					"DEBUG=1",
					"$(inherited)",
				);
				GCC_SYMBOLS_PRIVATE_EXTERN = NO;
				GCC_WARN_ABOUT_MISSING_PROTOTYPES = YES;
				GCC_WARN_ABOUT_RETURN_TYPE = YES;
				GCC_WARN_UNUSED_VARIABLE = YES;
				HEADER_SEARCH_PATHS = "$(iOSOpenDevPath)/include/**";
				IPHONEOS_DEPLOYMENT_TARGET = 8.4;
				LIBRARY_SEARCH_PATHS = "$(iOSOpenDevPath)/lib/**";
				SDKROOT = iphoneos;
				TARGETED_DEVICE_FAMILY = "1,2";
				VALIDATE_PRODUCT = NO;
				iOSOpenDevPath = /opt/iOSOpenDev;
			};
			name = Debug;
		};
		C9338DAE1DA93BF900163D21 /* Release */ = {
			isa = XCBuildConfiguration;
			buildSettings = {
				COPY_PHASE_STRIP = YES;
				EXCLUDED_RECURSIVE_SEARCH_PATH_SUBDIRECTORIES = "*.nib *.lproj *.gch (*) .DS_Store CVS .svn .git .hg *.xcodeproj *.xcode *.pbproj *.pbxproj";
				FRAMEWORK_SEARCH_PATHS = (
					"$(iOSOpenDevPath)/frameworks/**",
					"$(SDKROOT)/System/Library/PrivateFrameworks",
				);
				GCC_C_LANGUAGE_STANDARD = gnu99;
				GCC_WARN_ABOUT_MISSING_PROTOTYPES = YES;
				GCC_WARN_ABOUT_RETURN_TYPE = YES;
				GCC_WARN_UNUSED_VARIABLE = YES;
				HEADER_SEARCH_PATHS = "$(iOSOpenDevPath)/include/**";
				IPHONEOS_DEPLOYMENT_TARGET = 8.4;
				LIBRARY_SEARCH_PATHS = "$(iOSOpenDevPath)/lib/**";
				SDKROOT = iphoneos;
				TARGETED_DEVICE_FAMILY = "1,2";
				VALIDATE_PRODUCT = YES;
				iOSOpenDevPath = /opt/iOSOpenDev;
			};
			name = Release;
		};
		C9338DB01DA93BF900163D21 /* Debug */ = {
			isa = XCBuildConfiguration;
			buildSettings = {
				CLANG_ENABLE_OBJC_ARC = YES;
				CODE_SIGN_IDENTITY = "";
				DYLIB_COMPATIBILITY_VERSION = 1;
				DYLIB_CURRENT_VERSION = 1;
				FRAMEWORK_SEARCH_PATHS = (
					"$(inherited)",
					"$(SDKROOT)$(SYSTEM_LIBRARY_DIR)/PrivateFrameworks",
				);
				GCC_PRECOMPILE_PREFIX_HEADER = YES;
				GCC_PREFIX_HEADER = "WhoDis/WhoDis-Prefix.pch";
				INSTALL_PATH = /Library/MobileSubstrate/DynamicLibraries;
				LIBRARY_SEARCH_PATHS = (
					"$(inherited)",
					/opt/iOSOpenDev/lib,
				);
				OTHER_LDFLAGS = "-Wl,-segalign,4000";
				PRODUCT_NAME = "$(TARGET_NAME)";
				iOSOpenDevBuildPackageOnAnyBuild = NO;
				iOSOpenDevCopyOnBuild = NO;
				iOSOpenDevDevice = "";
				iOSOpenDevInstallOnAnyBuild = NO;
				iOSOpenDevInstallOnProfiling = NO;
				iOSOpenDevRespringOnInstall = NO;
				iOSOpenDevUsePackageVersionPList = YES;
			};
			name = Debug;
		};
		C9338DB11DA93BF900163D21 /* Release */ = {
			isa = XCBuildConfiguration;
			buildSettings = {
				CLANG_ENABLE_OBJC_ARC = YES;
				CODE_SIGN_IDENTITY = "";
				DYLIB_COMPATIBILITY_VERSION = 1;
				DYLIB_CURRENT_VERSION = 1;
				FRAMEWORK_SEARCH_PATHS = (
					"$(inherited)",
					"$(SDKROOT)$(SYSTEM_LIBRARY_DIR)/PrivateFrameworks",
				);
				GCC_PRECOMPILE_PREFIX_HEADER = YES;
				GCC_PREFIX_HEADER = "WhoDis/WhoDis-Prefix.pch";
				INSTALL_PATH = /Library/MobileSubstrate/DynamicLibraries;
				LIBRARY_SEARCH_PATHS = (
					"$(inherited)",
					/opt/iOSOpenDev/lib,
				);
				OTHER_LDFLAGS = "-Wl,-segalign,4000";
				PRODUCT_NAME = "$(TARGET_NAME)";
				iOSOpenDevBuildPackageOnAnyBuild = NO;
				iOSOpenDevCopyOnBuild = NO;
				iOSOpenDevDevice = "";
				iOSOpenDevInstallOnAnyBuild = NO;
				iOSOpenDevInstallOnProfiling = NO;
				iOSOpenDevRespringOnInstall = NO;
				iOSOpenDevUsePackageVersionPList = YES;
			};
			name = Release;
		};
		C99C16191DAD2C5D00840454 /* Debug */ = {
			isa = XCBuildConfiguration;
			buildSettings = {
				CLANG_ENABLE_OBJC_ARC = YES;
				CODE_SIGN_IDENTITY = "";
				EXCLUDED_RECURSIVE_SEARCH_PATH_SUBDIRECTORIES = "*.nib *.lproj *.gch (*) .DS_Store CVS .svn .git .hg *.xcodeproj *.xcode *.pbproj *.pbxproj";
				FRAMEWORK_SEARCH_PATHS = (
					"$(iOSOpenDevPath)/frameworks/**",
					"$(SDKROOT)/System/Library/PrivateFrameworks",
					"$(DEVELOPER_FRAMEWORKS_DIR)",
				);
				GCC_PRECOMPILE_PREFIX_HEADER = YES;
				GCC_PREFIX_HEADER = "WhoDisPrefs/WhoDisPrefs-Prefix.pch";
				GCC_PREPROCESSOR_DEFINITIONS = (
					"DEBUG=1",
					"$(inherited)",
				);
				HEADER_SEARCH_PATHS = "$(iOSOpenDevPath)/include/**";
				INFOPLIST_FILE = "WhoDisPrefs/WhoDisPrefs-Info.plist";
				INSTALL_PATH = /Library/PreferenceBundles;
				LIBRARY_SEARCH_PATHS = "$(iOSOpenDevPath)/lib/**";
				PRODUCT_NAME = "$(TARGET_NAME)";
				WRAPPER_EXTENSION = bundle;
				iOSOpenDevBuildPackageOnAnyBuild = NO;
				iOSOpenDevCopyOnBuild = NO;
				iOSOpenDevDevice = "";
				iOSOpenDevInstallOnAnyBuild = NO;
				iOSOpenDevInstallOnProfiling = YES;
				iOSOpenDevPath = /opt/iOSOpenDev;
				iOSOpenDevRespringOnInstall = YES;
				iOSOpenDevUsePackageVersionPList = YES;
			};
			name = Debug;
		};
		C99C161A1DAD2C5D00840454 /* Release */ = {
			isa = XCBuildConfiguration;
			buildSettings = {
				CLANG_ENABLE_OBJC_ARC = YES;
				CODE_SIGN_IDENTITY = "";
				EXCLUDED_RECURSIVE_SEARCH_PATH_SUBDIRECTORIES = "*.nib *.lproj *.gch (*) .DS_Store CVS .svn .git .hg *.xcodeproj *.xcode *.pbproj *.pbxproj";
				FRAMEWORK_SEARCH_PATHS = (
					"$(iOSOpenDevPath)/frameworks/**",
					"$(SDKROOT)/System/Library/PrivateFrameworks",
					"$(DEVELOPER_FRAMEWORKS_DIR)",
				);
				GCC_PRECOMPILE_PREFIX_HEADER = YES;
				GCC_PREFIX_HEADER = "WhoDisPrefs/WhoDisPrefs-Prefix.pch";
				HEADER_SEARCH_PATHS = "$(iOSOpenDevPath)/include/**";
				INFOPLIST_FILE = "WhoDisPrefs/WhoDisPrefs-Info.plist";
				INSTALL_PATH = /Library/PreferenceBundles;
				LIBRARY_SEARCH_PATHS = "$(iOSOpenDevPath)/lib/**";
				PRODUCT_NAME = "$(TARGET_NAME)";
				WRAPPER_EXTENSION = bundle;
				iOSOpenDevBuildPackageOnAnyBuild = NO;
				iOSOpenDevCopyOnBuild = NO;
				iOSOpenDevDevice = "";
				iOSOpenDevInstallOnAnyBuild = NO;
				iOSOpenDevInstallOnProfiling = YES;
				iOSOpenDevPath = /opt/iOSOpenDev;
				iOSOpenDevRespringOnInstall = YES;
				iOSOpenDevUsePackageVersionPList = YES;
			};
			name = Release;
		};
/* End XCBuildConfiguration section */

/* Begin XCConfigurationList section */
		C9338D921DA93BF900163D21 /* Build configuration list for PBXProject "WhoDis" */ = {
			isa = XCConfigurationList;
			buildConfigurations = (
				C9338DAD1DA93BF900163D21 /* Debug */,
				C9338DAE1DA93BF900163D21 /* Release */,
			);
			defaultConfigurationIsVisible = 0;
			defaultConfigurationName = Release;
		};
		C9338DAF1DA93BF900163D21 /* Build configuration list for PBXNativeTarget "WhoDis" */ = {
			isa = XCConfigurationList;
			buildConfigurations = (
				C9338DB01DA93BF900163D21 /* Debug */,
				C9338DB11DA93BF900163D21 /* Release */,
			);
			defaultConfigurationIsVisible = 0;
			defaultConfigurationName = Release;
		};
		C99C16181DAD2C5D00840454 /* Build configuration list for PBXNativeTarget "WhoDisPrefs" */ = {
			isa = XCConfigurationList;
			buildConfigurations = (
				C99C16191DAD2C5D00840454 /* Debug */,
				C99C161A1DAD2C5D00840454 /* Release */,
			);
			defaultConfigurationIsVisible = 0;
		};
/* End XCConfigurationList section */
	};
	rootObject = C9338D8F1DA93BF900163D21 /* Project object */;
}
